PODS:
  - Alamofire (5.10.2)
  - AlamofireSoap (0.1.4):
    - Alamofire (~> 5.10.2)
  - CorePlot (2.3)
  - FMDB (2.7.12):
    - FMDB/standard (= 2.7.12)
  - FMDB/Core (2.7.12)
  - FMDB/standard (2.7.12):
    - FMDB/Core
  - FSCalendar (2.8.4)
  - JJFloatingActionButton (3.0.1)
  - MBProgressHUD (1.2.0)
  - MKNumberBadgeView (0.0.1)
  - SBPickerSelector (1.0.4):
    - SBPickerSelector/Core (= 1.0.4)
  - SBPickerSelector/Core (1.0.4)
  - ScrollableSegmentedControl (1.5.0)
  - SWXMLHash (7.0.2)
  - TTTAttributedLabel (2.0.0)

DEPENDENCIES:
  - AlamofireSoap (from `https://github.com/henrytkirk/AlamofireSoap.git`, branch `update-alamofire-dependency`)
  - CorePlot
  - FMDB
  - FSCalendar
  - JJFloatingActionButton
  - MBProgressHUD (from `https://github.com/jdg/MBProgressHUD.git`, commit `18c442d57398cee5ef57f852df10fc5ff65f0763`)
  - MKNumberBadgeView
  - SBPickerSelector (= 1.0.4)
  - ScrollableSegmentedControl
  - SWXMLHash
  - TTTAttributedLabel

SPEC REPOS:
  trunk:
    - Alamofire
    - CorePlot
    - FMDB
    - FSCalendar
    - JJFloatingActionButton
    - MKNumberBadgeView
    - SBPickerSelector
    - ScrollableSegmentedControl
    - SWXMLHash
    - TTTAttributedLabel

EXTERNAL SOURCES:
  AlamofireSoap:
    :branch: update-alamofire-dependency
    :git: https://github.com/henrytkirk/AlamofireSoap.git
  MBProgressHUD:
    :commit: 18c442d57398cee5ef57f852df10fc5ff65f0763
    :git: https://github.com/jdg/MBProgressHUD.git

CHECKOUT OPTIONS:
  AlamofireSoap:
    :commit: 431b7b180a12df7c2c7f61b4fb91f5dc5dc9150d
    :git: https://github.com/henrytkirk/AlamofireSoap.git
  MBProgressHUD:
    :commit: 18c442d57398cee5ef57f852df10fc5ff65f0763
    :git: https://github.com/jdg/MBProgressHUD.git

SPEC CHECKSUMS:
  Alamofire: 7193b3b92c74a07f85569e1a6c4f4237291e7496
  AlamofireSoap: 61c74ca4875543ff3f5bc35ae05f8baf04271965
  CorePlot: 6bfe6d30d215beec3cfd18ee43e434620119bc1e
  FMDB: 728731dd336af3936ce00f91d9d8495f5718a0e6
  FSCalendar: 2d1d0d9398f12d439f55c1fe0f01525b151b8260
  JJFloatingActionButton: 6a20da0a36bc2c5e2097e754b5e765aa9e4b6365
  MBProgressHUD: 1b0fb447e80a0fda94808180750e8b78a07b3cd2
  MKNumberBadgeView: 4007883b46f7babcf8bca339ecddff187e0cbb1f
  SBPickerSelector: ea57fff3aae81a79b5db3d9559e54a5cbd3c706a
  ScrollableSegmentedControl: 2e64bbe8968a7fcd8aae5014434481464fcdfe60
  SWXMLHash: dd733a457e9c4fe93b1538654057aefae4acb382
  TTTAttributedLabel: 8cffe8e127e4e82ff3af1e5386d4cd0ad000b656

PODFILE CHECKSUM: 0c3cec2eaf3d3a4efab13c4765d3398e2f0f190c

COCOAPODS: 1.16.2
