PODS:
  - Alamofire (5.0.5)
  - AlamofireSoap (0.1.3):
    - Alamofire (~> 5.0.0-rc.2)
  - ASIHTTPRequest (1.8.2):
    - ASIHTTPRequest/ASIWebPageRequest (= 1.8.2)
    - ASIHTTPRequest/CloudFiles (= 1.8.2)
    - ASIHTTPRequest/Core (= 1.8.2)
    - ASIHTTPRequest/S3 (= 1.8.2)
  - ASIHTTPRequest/ASIWebPageRequest (1.8.2):
    - ASIHTTPRequest/Core
  - ASIHTTPRequest/CloudFiles (1.8.2):
    - ASIHTTPRequest/Core
  - ASIHTTPRequest/Core (1.8.2):
    - Reachability
  - ASIHTTPRequest/S3 (1.8.2):
    - ASIHTTPRequest/Core
  - CorePlot (2.3)
  - Firebase/Analytics (10.11.0):
    - Firebase/Core
  - Firebase/Core (10.11.0):
    - Firebase/CoreOnly
    - FirebaseAnalytics (~> 10.11.0)
  - Firebase/CoreOnly (10.11.0):
    - FirebaseCore (= 10.11.0)
  - Firebase/Crashlytics (10.11.0):
    - Firebase/CoreOnly
    - FirebaseCrashlytics (~> 10.11.0)
  - FirebaseAnalytics (10.11.0):
    - FirebaseAnalytics/AdIdSupport (= 10.11.0)
    - FirebaseCore (~> 10.0)
    - FirebaseInstallations (~> 10.0)
    - GoogleUtilities/AppDelegateSwizzler (~> 7.11)
    - GoogleUtilities/MethodSwizzler (~> 7.11)
    - GoogleUtilities/Network (~> 7.11)
    - "GoogleUtilities/NSData+zlib (~> 7.11)"
    - nanopb (< 2.30910.0, >= 2.30908.0)
  - FirebaseAnalytics/AdIdSupport (10.11.0):
    - FirebaseCore (~> 10.0)
    - FirebaseInstallations (~> 10.0)
    - GoogleAppMeasurement (= 10.11.0)
    - GoogleUtilities/AppDelegateSwizzler (~> 7.11)
    - GoogleUtilities/MethodSwizzler (~> 7.11)
    - GoogleUtilities/Network (~> 7.11)
    - "GoogleUtilities/NSData+zlib (~> 7.11)"
    - nanopb (< 2.30910.0, >= 2.30908.0)
  - FirebaseCore (10.11.0):
    - FirebaseCoreInternal (~> 10.0)
    - GoogleUtilities/Environment (~> 7.8)
    - GoogleUtilities/Logger (~> 7.8)
  - FirebaseCoreExtension (10.11.0):
    - FirebaseCore (~> 10.0)
  - FirebaseCoreInternal (10.11.0):
    - "GoogleUtilities/NSData+zlib (~> 7.8)"
  - FirebaseCrashlytics (10.11.0):
    - FirebaseCore (~> 10.5)
    - FirebaseInstallations (~> 10.0)
    - FirebaseSessions (~> 10.5)
    - GoogleDataTransport (~> 9.2)
    - GoogleUtilities/Environment (~> 7.8)
    - nanopb (< 2.30910.0, >= 2.30908.0)
    - PromisesObjC (~> 2.1)
  - FirebaseInstallations (10.11.0):
    - FirebaseCore (~> 10.0)
    - GoogleUtilities/Environment (~> 7.8)
    - GoogleUtilities/UserDefaults (~> 7.8)
    - PromisesObjC (~> 2.1)
  - FirebaseSessions (10.11.0):
    - FirebaseCore (~> 10.5)
    - FirebaseCoreExtension (~> 10.0)
    - FirebaseInstallations (~> 10.0)
    - GoogleDataTransport (~> 9.2)
    - GoogleUtilities/Environment (~> 7.10)
    - nanopb (< 2.30910.0, >= 2.30908.0)
    - PromisesSwift (~> 2.1)
  - FMDB (2.7.5):
    - FMDB/standard (= 2.7.5)
  - FMDB/standard (2.7.5)
  - FSCalendar (2.8.4)
  - GoogleAppMeasurement (10.11.0):
    - GoogleAppMeasurement/AdIdSupport (= 10.11.0)
    - GoogleUtilities/AppDelegateSwizzler (~> 7.11)
    - GoogleUtilities/MethodSwizzler (~> 7.11)
    - GoogleUtilities/Network (~> 7.11)
    - "GoogleUtilities/NSData+zlib (~> 7.11)"
    - nanopb (< 2.30910.0, >= 2.30908.0)
  - GoogleAppMeasurement/AdIdSupport (10.11.0):
    - GoogleAppMeasurement/WithoutAdIdSupport (= 10.11.0)
    - GoogleUtilities/AppDelegateSwizzler (~> 7.11)
    - GoogleUtilities/MethodSwizzler (~> 7.11)
    - GoogleUtilities/Network (~> 7.11)
    - "GoogleUtilities/NSData+zlib (~> 7.11)"
    - nanopb (< 2.30910.0, >= 2.30908.0)
  - GoogleAppMeasurement/WithoutAdIdSupport (10.11.0):
    - GoogleUtilities/AppDelegateSwizzler (~> 7.11)
    - GoogleUtilities/MethodSwizzler (~> 7.11)
    - GoogleUtilities/Network (~> 7.11)
    - "GoogleUtilities/NSData+zlib (~> 7.11)"
    - nanopb (< 2.30910.0, >= 2.30908.0)
  - GoogleDataTransport (9.2.3):
    - GoogleUtilities/Environment (~> 7.7)
    - nanopb (< 2.30910.0, >= 2.30908.0)
    - PromisesObjC (< 3.0, >= 1.2)
  - GoogleUtilities/AppDelegateSwizzler (7.11.1):
    - GoogleUtilities/Environment
    - GoogleUtilities/Logger
    - GoogleUtilities/Network
  - GoogleUtilities/Environment (7.11.1):
    - PromisesObjC (< 3.0, >= 1.2)
  - GoogleUtilities/Logger (7.11.1):
    - GoogleUtilities/Environment
  - GoogleUtilities/MethodSwizzler (7.11.1):
    - GoogleUtilities/Logger
  - GoogleUtilities/Network (7.11.1):
    - GoogleUtilities/Logger
    - "GoogleUtilities/NSData+zlib"
    - GoogleUtilities/Reachability
  - "GoogleUtilities/NSData+zlib (7.11.1)"
  - GoogleUtilities/Reachability (7.11.1):
    - GoogleUtilities/Logger
  - GoogleUtilities/UserDefaults (7.11.1):
    - GoogleUtilities/Logger
  - JJFloatingActionButton (2.5.0)
  - MBProgressHUD (1.2.0)
  - MKNumberBadgeView (0.0.1)
  - nanopb (2.30909.0):
    - nanopb/decode (= 2.30909.0)
    - nanopb/encode (= 2.30909.0)
  - nanopb/decode (2.30909.0)
  - nanopb/encode (2.30909.0)
  - PromisesObjC (2.2.0)
  - PromisesSwift (2.2.0):
    - PromisesObjC (= 2.2.0)
  - Reachability (3.2)
  - SBPickerSelector (1.0.4):
    - SBPickerSelector/Core (= 1.0.4)
  - SBPickerSelector/Core (1.0.4)
  - ScrollableSegmentedControl (1.5.0)
  - SWXMLHash (7.0.2)
  - TTTAttributedLabel (2.0.0)

DEPENDENCIES:
  - AlamofireSoap
  - ASIHTTPRequest
  - CorePlot
  - Firebase/Analytics
  - Firebase/Crashlytics
  - FMDB
  - FSCalendar
  - JJFloatingActionButton
  - MBProgressHUD
  - MKNumberBadgeView
  - SBPickerSelector (= 1.0.4)
  - ScrollableSegmentedControl
  - SWXMLHash
  - TTTAttributedLabel

SPEC REPOS:
  trunk:
    - Alamofire
    - AlamofireSoap
    - ASIHTTPRequest
    - CorePlot
    - Firebase
    - FirebaseAnalytics
    - FirebaseCore
    - FirebaseCoreExtension
    - FirebaseCoreInternal
    - FirebaseCrashlytics
    - FirebaseInstallations
    - FirebaseSessions
    - FMDB
    - FSCalendar
    - GoogleAppMeasurement
    - GoogleDataTransport
    - GoogleUtilities
    - JJFloatingActionButton
    - MBProgressHUD
    - MKNumberBadgeView
    - nanopb
    - PromisesObjC
    - PromisesSwift
    - Reachability
    - SBPickerSelector
    - ScrollableSegmentedControl
    - SWXMLHash
    - TTTAttributedLabel

SPEC CHECKSUMS:
  Alamofire: df2f8f826963b08b9a870791ad48e07a10090b2e
  AlamofireSoap: 3ff94d1b9a9dccc6fde075c8f5ee1986b78a0c23
  ASIHTTPRequest: ec013992946676b7978dcbde6396d57312d21db4
  CorePlot: 6bfe6d30d215beec3cfd18ee43e434620119bc1e
  Firebase: 31d9575c124839fb5abc0db6d39511cc1dab1b85
  FirebaseAnalytics: 6c6bf99e8854475bf1fa342028841be8ecd236da
  FirebaseCore: 62fd4d549f5e3f3bd52b7998721c5fa0557fb355
  FirebaseCoreExtension: cacdad57fdb60e0b86dcbcac058ec78237946759
  FirebaseCoreInternal: 9e46c82a14a3b3a25be4e1e151ce6d21536b89c0
  FirebaseCrashlytics: 5927efd92f7fb052b0ab1e673d2f0d97274cd442
  FirebaseInstallations: 2a2c6859354cbec0a228a863d4daf6de7c74ced4
  FirebaseSessions: a62ba5c45284adb7714f4126cfbdb32b17c260bd
  FMDB: 2ce00b547f966261cd18927a3ddb07cb6f3db82a
  FSCalendar: 2d1d0d9398f12d439f55c1fe0f01525b151b8260
  GoogleAppMeasurement: d3dabccdb336fc0ae44b633c8abaa26559893cd9
  GoogleDataTransport: f0308f5905a745f94fb91fea9c6cbaf3831cb1bd
  GoogleUtilities: 9aa0ad5a7bc171f8bae016300bfcfa3fb8425749
  JJFloatingActionButton: fdc3aefb0f28f04d0f988fa25d5fac97028a9ea7
  MBProgressHUD: 3ee5efcc380f6a79a7cc9b363dd669c5e1ae7406
  MKNumberBadgeView: 4007883b46f7babcf8bca339ecddff187e0cbb1f
  nanopb: b552cce312b6c8484180ef47159bc0f65a1f0431
  PromisesObjC: 09985d6d70fbe7878040aa746d78236e6946d2ef
  PromisesSwift: cf9eb58666a43bbe007302226e510b16c1e10959
  Reachability: 33e18b67625424e47b6cde6d202dce689ad7af96
  SBPickerSelector: ea57fff3aae81a79b5db3d9559e54a5cbd3c706a
  ScrollableSegmentedControl: 2e64bbe8968a7fcd8aae5014434481464fcdfe60
  SWXMLHash: dd733a457e9c4fe93b1538654057aefae4acb382
  TTTAttributedLabel: 8cffe8e127e4e82ff3af1e5386d4cd0ad000b656

PODFILE CHECKSUM: 379be6b009672023f481b0b876ace6ad1f21d525

COCOAPODS: 1.12.1
